github.com/btelemetry/packages/config v0.0.0-20210411114149-2e72bda8ee99 h1:Jtn4D+Se9wbUnIeLO1UfxDD2hyV9UrpyCIoAXELtfhQ=
github.com/btelemetry/packages/config v0.0.0-20210411114149-2e72bda8ee99/go.mod h1:tRTAGZog2glQbs2628bTZOJD8s2/rtza1dhXOct/PIU=
github.com/btelemetry/packages/scale v0.0.0-20210411064718-418dc5109709 h1:mGwpvcQaq3zksXBtIXqwxglC0iRv10koG23JY4mmuYk=
github.com/btelemetry/packages/scale v0.0.0-20210411064718-418dc5109709/go.mod h1:0qO0F6xVqFrr7Jpzx3sd0fxOW8M1j/KwwfSfxKPrA9Y=
github.com/btelemetry/packages/temperature v0.0.0-20210411064718-418dc5109709 h1:jbXnUTrM34ArZvr58MI8F1HoJNJguVNOxlbmig3yTEU=
github.com/btelemetry/packages/temperature v0.0.0-20210411064718-418dc5109709/go.mod h1:ZPvODVPxtWe8PvZkWkcvnX7X/eIZRN3tCp2fuowxqLo=
github.com/yryz/ds18b20 v0.0.0-20200527154408-4a8f84bb82d4 h1:r/Ao3vlui4mHCnyqo/JoMm9F9bhs3lUZ93Zqk8dDQxo=
github.com/yryz/ds18b20 v0.0.0-20200527154408-4a8f84bb82d4/go.mod h1:MqFju5qeLDFh+S9PqxYT7TEla8xeW7bgGr/69q3oki0=
