github.com/wogri/bbox/packages/temperature v0.0.0-20210402053043-1d5fc3c63f9b h1:nUlouZGHJwnVi5dHq8HU9AQKw6X3ENbORX/7uHzxBQY=
github.com/wogri/bbox/packages/temperature v0.0.0-20210402053043-1d5fc3c63f9b/go.mod h1:wEmpLQ7jsaVt5GIQD/mJLPeJBlyOPS3fY6syExBcZs4=
github.com/wogri/bbox/packages/temperature v0.0.0-20210405063426-d59c4854117a h1:nbFozxim8j3ZeKQrJo+Cq8zqvbPlnhmlaL2gYq3f9mg=
github.com/wogri/bbox/packages/temperature v0.0.0-20210405063426-d59c4854117a/go.mod h1:wEmpLQ7jsaVt5GIQD/mJLPeJBlyOPS3fY6syExBcZs4=
github.com/wogri/bhive/packages/temperature v0.0.0-20210405082140-6a8da5bd9d9d h1:YO2v3I39V0CUOmb0wLXavIBsFgbdp7a4liYcoaW1Q7M=
github.com/wogri/bhive/packages/temperature v0.0.0-20210405082140-6a8da5bd9d9d/go.mod h1:/o9WXPl5/HY+GiOE7V9n67f6wU48PHKC66cd/VcXOSk=
github.com/yryz/ds18b20 v0.0.0-20200527154408-4a8f84bb82d4 h1:r/Ao3vlui4mHCnyqo/JoMm9F9bhs3lUZ93Zqk8dDQxo=
github.com/yryz/ds18b20 v0.0.0-20200527154408-4a8f84bb82d4/go.mod h1:MqFju5qeLDFh+S9PqxYT7TEla8xeW7bgGr/69q3oki0=
