github.com/mrmorphic/hwio v0.0.0-20180519033216-11ea3f481a14 h1:Ydoe3Zh7ZUyGK6POjNahuwN/bpVkaPtCpqNoCkrQtAU=
github.com/mrmorphic/hwio v0.0.0-20180519033216-11ea3f481a14/go.mod h1:Z3CHhCfKg+qeDJsQgvlhJeI61Lmjt2KE9PUSgL3LDLM=
github.com/rajmaniar/hx711 v0.0.0-20161113180731-cc6ce7b188b7 h1:B1ZrFdBzR1nBosrRJ3BUoOmnVg99Vpj0H0j1XmY0iq8=
github.com/rajmaniar/hx711 v0.0.0-20161113180731-cc6ce7b188b7/go.mod h1:niStTARCU/rHj/e3ptRkvWz94ZpISwVU6S8l+Ae3lbA=
